
Microsoft Visual Studio Solution File, Format Version 12.00
# Visual Studio Version 17
VisualStudioVersion = 17.11.35312.102
MinimumVisualStudioVersion = 10.0.40219.1
Project("{2150E333-8FDC-42A3-9474-1A3956D46DE8}") = "Common", "Common", "{3080379F-E171-4B5C-938A-FE8AB4753BEC}"
EndProject
Project("{9A19103F-16F7-4668-BE54-9A1E7A4F7556}") = "OutWit.Common", "Common\OutWit.Common\OutWit.Common.csproj", "{0939D7E2-1EFD-4DF9-BACD-936C94E84095}"
EndProject
Project("{9A19103F-16F7-4668-BE54-9A1E7A4F7556}") = "OutWit.Common.Aspects", "Common\OutWit.Common.Aspects\OutWit.Common.Aspects.csproj", "{5B115731-089F-4574-9828-87C45C12C47E}"
EndProject
Project("{9A19103F-16F7-4668-BE54-9A1E7A4F7556}") = "OutWit.Common.MessagePack", "Common\OutWit.Common.MessagePack\OutWit.Common.MessagePack.csproj", "{2401BFD8-B357-43ED-8320-FF032C246747}"
EndProject
Project("{9A19103F-16F7-4668-BE54-9A1E7A4F7556}") = "OutWit.Common.MEF", "Common\OutWit.Common.MEF\OutWit.Common.MEF.csproj", "{FEE5982B-AD8F-4141-8696-28801684BFBE}"
EndProject
Project("{9A19103F-16F7-4668-BE54-9A1E7A4F7556}") = "OutWit.Common.MVVM", "Common\OutWit.Common.MVVM\OutWit.Common.MVVM.csproj", "{C0D8085A-7891-4146-A858-7BAB1402E5A4}"
EndProject
Project("{9A19103F-16F7-4668-BE54-9A1E7A4F7556}") = "OutWit.Common.Settings", "Common\OutWit.Common.Settings\OutWit.Common.Settings.csproj", "{CB1DF6BD-732B-4260-B4D0-CF54C64B9627}"
EndProject
Project("{9A19103F-16F7-4668-BE54-9A1E7A4F7556}") = "OutWit.Common.Services", "Common\OutWit.Common.Services\OutWit.Common.Services.csproj", "{6A29E0A3-3C7F-4B30-89D5-C3992D71C5DA}"
EndProject
Project("{9A19103F-16F7-4668-BE54-9A1E7A4F7556}") = "OutWit.Common.Logging", "Common\OutWit.Common.Logging\OutWit.Common.Logging.csproj", "{576DED6D-0E5B-4534-A1E6-CDA1D2A7C081}"
EndProject
Project("{9A19103F-16F7-4668-BE54-9A1E7A4F7556}") = "OutWit.Common.Settings.Tests", "Common\OutWit.Common.Settings.Tests\OutWit.Common.Settings.Tests.csproj", "{C63BB328-F167-4522-ACB8-B433C30DCB7C}"
EndProject
Project("{9A19103F-16F7-4668-BE54-9A1E7A4F7556}") = "OutWit.Common.MessagePack.Tests", "Common\OutWit.Common.MessagePack.Tests\OutWit.Common.MessagePack.Tests.csproj", "{B1C2A81A-EBD3-48AF-AAE2-19C1548EC2F6}"
EndProject
Project("{2150E333-8FDC-42A3-9474-1A3956D46DE8}") = "Controllers", "Controllers", "{07603E37-6735-438E-A085-7694D690495D}"
EndProject
Project("{2150E333-8FDC-42A3-9474-1A3956D46DE8}") = "Engine", "Engine", "{7F4E5A5A-8FB5-4005-A371-ED9C650C2122}"
EndProject
Project("{9A19103F-16F7-4668-BE54-9A1E7A4F7556}") = "OutWit.Engine.Data", "Engine\OutWit.Engine.Data\OutWit.Engine.Data.csproj", "{7A9A5F73-8FD7-4CD2-885F-68605419A865}"
EndProject
Project("{9A19103F-16F7-4668-BE54-9A1E7A4F7556}") = "OutWit.Engine.Interfaces", "Engine\OutWit.Engine.Interfaces\OutWit.Engine.Interfaces.csproj", "{6083638D-9660-4938-99A6-AC33CA666EB9}"
EndProject
Project("{9A19103F-16F7-4668-BE54-9A1E7A4F7556}") = "OutWit.Engine.Data.Tests", "Engine\OutWit.Engine.Data.Tests\OutWit.Engine.Data.Tests.csproj", "{1E36CA95-0762-4B4B-985D-4251445E737B}"
EndProject
Project("{9A19103F-16F7-4668-BE54-9A1E7A4F7556}") = "OutWit.Engine.Shared", "Engine\OutWit.Engine.Shared\OutWit.Engine.Shared.csproj", "{9F978B56-E881-4991-91B0-4CE291C0E4D7}"
EndProject
Project("{9A19103F-16F7-4668-BE54-9A1E7A4F7556}") = "OutWit.Engine.Shared.Tests", "Engine\OutWit.Engine.Shared.Tests\OutWit.Engine.Shared.Tests.csproj", "{08D477EF-140E-45D9-89BD-4C7314308D33}"
EndProject
Project("{9A19103F-16F7-4668-BE54-9A1E7A4F7556}") = "OutWit.Engine", "Engine\OutWit.Engine\OutWit.Engine.csproj", "{65226BC4-C0CB-4D2C-952D-5B9A6128BDE8}"
	ProjectSection(ProjectDependencies) = postProject
		{82FF24F9-09A1-46C1-9E2E-4F2A60C04F2B} = {82FF24F9-09A1-46C1-9E2E-4F2A60C04F2B}
		{A27D4AC5-14DD-4E63-82FD-17EA9963B36D} = {A27D4AC5-14DD-4E63-82FD-17EA9963B36D}
		{C67EDA70-47FE-415E-AB6A-3DC89B62D009} = {C67EDA70-47FE-415E-AB6A-3DC89B62D009}
	EndProjectSection
EndProject
Project("{9A19103F-16F7-4668-BE54-9A1E7A4F7556}") = "OutWit.Controller.Variables", "Controllers\OutWit.Controller.Variables\OutWit.Controller.Variables.csproj", "{C67EDA70-47FE-415E-AB6A-3DC89B62D009}"
EndProject
Project("{9A19103F-16F7-4668-BE54-9A1E7A4F7556}") = "OutWit.Controller.Variables.Tests", "Controllers\OutWit.Controller.Variables.Tests\OutWit.Controller.Variables.Tests.csproj", "{E8BB2D92-6964-49D9-8923-B12D1179843E}"
EndProject
Project("{9A19103F-16F7-4668-BE54-9A1E7A4F7556}") = "OutWit.Controller.Special", "Controllers\OutWit.Controller.Special\OutWit.Controller.Special.csproj", "{82FF24F9-09A1-46C1-9E2E-4F2A60C04F2B}"
EndProject
Project("{9A19103F-16F7-4668-BE54-9A1E7A4F7556}") = "OutWit.Controller.Jobs", "Controllers\OutWit.Controller.Jobs\OutWit.Controller.Jobs.csproj", "{A27D4AC5-14DD-4E63-82FD-17EA9963B36D}"
EndProject
Project("{9A19103F-16F7-4668-BE54-9A1E7A4F7556}") = "OutWit.Controller.Special.Tests", "Controllers\OutWit.Controller.Special.Tests\OutWit.Controller.Special.Tests.csproj", "{60EF2A10-1131-4E62-B29F-FA422FF1F90E}"
EndProject
Project("{9A19103F-16F7-4668-BE54-9A1E7A4F7556}") = "OutWit.Controller.Jobs.Tests", "Controllers\OutWit.Controller.Jobs.Tests\OutWit.Controller.Jobs.Tests.csproj", "{8D569A52-6F2F-465C-93C4-C75FBB5E040C}"
EndProject
Project("{2150E333-8FDC-42A3-9474-1A3956D46DE8}") = "Demo", "Demo", "{06F49AFE-C2FE-4278-B306-FA4BCF9EDF5F}"
EndProject
Project("{9A19103F-16F7-4668-BE54-9A1E7A4F7556}") = "OutWit.Demo", "Demo\OutWit.Demo\OutWit.Demo.csproj", "{336558CF-29CE-481C-B872-3F3B4D12684F}"
	ProjectSection(ProjectDependencies) = postProject
		{88038162-585E-4781-A777-498F8EEB8142} = {88038162-585E-4781-A777-498F8EEB8142}
	EndProjectSection
EndProject
Project("{9A19103F-16F7-4668-BE54-9A1E7A4F7556}") = "OutWit.Common.Controls", "Common\OutWit.Common.Controls\OutWit.Common.Controls.csproj", "{0D37C07C-2F9C-4A73-B232-453151A26DA5}"
EndProject
Project("{2150E333-8FDC-42A3-9474-1A3956D46DE8}") = "Themes", "Themes", "{84D1BBB6-1E82-4A30-B0D6-2ED5621B9DE4}"
EndProject
Project("{9A19103F-16F7-4668-BE54-9A1E7A4F7556}") = "OutWit.Themes.Interfaces", "Themes\OutWit.Themes.Interfaces\OutWit.Themes.Interfaces.csproj", "{EB399F48-0831-4EA7-8B73-DC6C15A52A58}"
EndProject
Project("{9A19103F-16F7-4668-BE54-9A1E7A4F7556}") = "OutWit.Themes", "Themes\OutWit.Themes\OutWit.Themes.csproj", "{61F41440-1B0A-4095-B5A8-A7A95CC14EA6}"
	ProjectSection(ProjectDependencies) = postProject
		{073C2F57-4443-4A1A-9750-CA37AD8B1058} = {073C2F57-4443-4A1A-9750-CA37AD8B1058}
		{1F08B4D7-9BB8-49B3-A96E-77D1705B7214} = {1F08B4D7-9BB8-49B3-A96E-77D1705B7214}
	EndProjectSection
EndProject
Project("{9A19103F-16F7-4668-BE54-9A1E7A4F7556}") = "OutWit.Themes.Light", "Themes\OutWit.Themes.Light\OutWit.Themes.Light.csproj", "{073C2F57-4443-4A1A-9750-CA37AD8B1058}"
EndProject
Project("{9A19103F-16F7-4668-BE54-9A1E7A4F7556}") = "OutWit.Themes.Dark", "Themes\OutWit.Themes.Dark\OutWit.Themes.Dark.csproj", "{1F08B4D7-9BB8-49B3-A96E-77D1705B7214}"
EndProject
Project("{9A19103F-16F7-4668-BE54-9A1E7A4F7556}") = "OutWit.Themes.Tests", "Themes\OutWit.Themes.Tests\OutWit.Themes.Tests.csproj", "{02E3CEEE-8C72-45BF-BF5A-C7AB65215DC9}"
EndProject
Project("{9A19103F-16F7-4668-BE54-9A1E7A4F7556}") = "OutWit.Common.Prism", "Common\OutWit.Common.Prism\OutWit.Common.Prism.csproj", "{61E35CB2-8BD9-412E-B0B3-730717A579DF}"
EndProject
Project("{9A19103F-16F7-4668-BE54-9A1E7A4F7556}") = "OutWit.Demo.WitEngine", "Demo\OutWit.Demo.WitEngine\OutWit.Demo.WitEngine.csproj", "{88038162-585E-4781-A777-498F8EEB8142}"
EndProject
Project("{9A19103F-16F7-4668-BE54-9A1E7A4F7556}") = "OutWit.Common.Settings.Controls", "Common\OutWit.Common.Settings.Controls\OutWit.Common.Settings.Controls.csproj", "{269D14BE-ED80-4E59-BF58-B4B95F6620E9}"
EndProject
Project("{9A19103F-16F7-4668-BE54-9A1E7A4F7556}") = "OutWit.Common.Controls.HighlightTextBox", "Common\OutWit.Common.Controls.HighlightTextBox\OutWit.Common.Controls.HighlightTextBox.csproj", "{0996D454-D229-4811-AC56-277AD48857D3}"
EndProject
Project("{2150E333-8FDC-42A3-9474-1A3956D46DE8}") = "OneHourAppStore", "OneHourAppStore", "{0837DB6F-39B0-4A72-9FCE-A78799193456}"
EndProject
Project("{8BC9CEB8-8B4A-11D0-8D11-00A0C91BC942}") = "OutWit.OneHourAppStore.Loader", "OneHourAppStore\OutWit.OneHourAppStore.Loader\OutWit.OneHourAppStore.Loader.vcxproj", "{38FC0077-9837-40CC-9C84-C5DD7E93CC02}"
EndProject
Project("{FAE04EC0-301F-11D3-BF4B-00C04F79EFBC}") = "OutWit.OneHourAppStore.Loader.Tests", "OneHourAppStore\OutWit.OneHourAppStore.Loader.Tests\OutWit.OneHourAppStore.Loader.Tests.csproj", "{27068241-29D0-4272-A124-E6B2FCFCF84E}"
EndProject
Global
	GlobalSection(SolutionConfigurationPlatforms) = preSolution
		Debug|Any CPU = Debug|Any CPU
		Debug|x64 = Debug|x64
		Debug|x86 = Debug|x86
		Release|Any CPU = Release|Any CPU
		Release|x64 = Release|x64
		Release|x86 = Release|x86
	EndGlobalSection
	GlobalSection(ProjectConfigurationPlatforms) = postSolution
		{0939D7E2-1EFD-4DF9-BACD-936C94E84095}.Debug|Any CPU.ActiveCfg = Debug|Any CPU
		{0939D7E2-1EFD-4DF9-BACD-936C94E84095}.Debug|Any CPU.Build.0 = Debug|Any CPU
		{0939D7E2-1EFD-4DF9-BACD-936C94E84095}.Debug|x64.ActiveCfg = Debug|Any CPU
		{0939D7E2-1EFD-4DF9-BACD-936C94E84095}.Debug|x64.Build.0 = Debug|Any CPU
		{0939D7E2-1EFD-4DF9-BACD-936C94E84095}.Debug|x86.ActiveCfg = Debug|Any CPU
		{0939D7E2-1EFD-4DF9-BACD-936C94E84095}.Debug|x86.Build.0 = Debug|Any CPU
		{0939D7E2-1EFD-4DF9-BACD-936C94E84095}.Release|Any CPU.ActiveCfg = Release|Any CPU
		{0939D7E2-1EFD-4DF9-BACD-936C94E84095}.Release|Any CPU.Build.0 = Release|Any CPU
		{0939D7E2-1EFD-4DF9-BACD-936C94E84095}.Release|x64.ActiveCfg = Release|Any CPU
		{0939D7E2-1EFD-4DF9-BACD-936C94E84095}.Release|x64.Build.0 = Release|Any CPU
		{0939D7E2-1EFD-4DF9-BACD-936C94E84095}.Release|x86.ActiveCfg = Release|Any CPU
		{0939D7E2-1EFD-4DF9-BACD-936C94E84095}.Release|x86.Build.0 = Release|Any CPU
		{5B115731-089F-4574-9828-87C45C12C47E}.Debug|Any CPU.ActiveCfg = Debug|Any CPU
		{5B115731-089F-4574-9828-87C45C12C47E}.Debug|Any CPU.Build.0 = Debug|Any CPU
		{5B115731-089F-4574-9828-87C45C12C47E}.Debug|x64.ActiveCfg = Debug|Any CPU
		{5B115731-089F-4574-9828-87C45C12C47E}.Debug|x64.Build.0 = Debug|Any CPU
		{5B115731-089F-4574-9828-87C45C12C47E}.Debug|x86.ActiveCfg = Debug|Any CPU
		{5B115731-089F-4574-9828-87C45C12C47E}.Debug|x86.Build.0 = Debug|Any CPU
		{5B115731-089F-4574-9828-87C45C12C47E}.Release|Any CPU.ActiveCfg = Release|Any CPU
		{5B115731-089F-4574-9828-87C45C12C47E}.Release|Any CPU.Build.0 = Release|Any CPU
		{5B115731-089F-4574-9828-87C45C12C47E}.Release|x64.ActiveCfg = Release|Any CPU
		{5B115731-089F-4574-9828-87C45C12C47E}.Release|x64.Build.0 = Release|Any CPU
		{5B115731-089F-4574-9828-87C45C12C47E}.Release|x86.ActiveCfg = Release|Any CPU
		{5B115731-089F-4574-9828-87C45C12C47E}.Release|x86.Build.0 = Release|Any CPU
		{2401BFD8-B357-43ED-8320-FF032C246747}.Debug|Any CPU.ActiveCfg = Debug|Any CPU
		{2401BFD8-B357-43ED-8320-FF032C246747}.Debug|Any CPU.Build.0 = Debug|Any CPU
		{2401BFD8-B357-43ED-8320-FF032C246747}.Debug|x64.ActiveCfg = Debug|Any CPU
		{2401BFD8-B357-43ED-8320-FF032C246747}.Debug|x64.Build.0 = Debug|Any CPU
		{2401BFD8-B357-43ED-8320-FF032C246747}.Debug|x86.ActiveCfg = Debug|Any CPU
		{2401BFD8-B357-43ED-8320-FF032C246747}.Debug|x86.Build.0 = Debug|Any CPU
		{2401BFD8-B357-43ED-8320-FF032C246747}.Release|Any CPU.ActiveCfg = Release|Any CPU
		{2401BFD8-B357-43ED-8320-FF032C246747}.Release|Any CPU.Build.0 = Release|Any CPU
		{2401BFD8-B357-43ED-8320-FF032C246747}.Release|x64.ActiveCfg = Release|Any CPU
		{2401BFD8-B357-43ED-8320-FF032C246747}.Release|x64.Build.0 = Release|Any CPU
		{2401BFD8-B357-43ED-8320-FF032C246747}.Release|x86.ActiveCfg = Release|Any CPU
		{2401BFD8-B357-43ED-8320-FF032C246747}.Release|x86.Build.0 = Release|Any CPU
		{FEE5982B-AD8F-4141-8696-28801684BFBE}.Debug|Any CPU.ActiveCfg = Debug|Any CPU
		{FEE5982B-AD8F-4141-8696-28801684BFBE}.Debug|Any CPU.Build.0 = Debug|Any CPU
		{FEE5982B-AD8F-4141-8696-28801684BFBE}.Debug|x64.ActiveCfg = Debug|Any CPU
		{FEE5982B-AD8F-4141-8696-28801684BFBE}.Debug|x64.Build.0 = Debug|Any CPU
		{FEE5982B-AD8F-4141-8696-28801684BFBE}.Debug|x86.ActiveCfg = Debug|Any CPU
		{FEE5982B-AD8F-4141-8696-28801684BFBE}.Debug|x86.Build.0 = Debug|Any CPU
		{FEE5982B-AD8F-4141-8696-28801684BFBE}.Release|Any CPU.ActiveCfg = Release|Any CPU
		{FEE5982B-AD8F-4141-8696-28801684BFBE}.Release|Any CPU.Build.0 = Release|Any CPU
		{FEE5982B-AD8F-4141-8696-28801684BFBE}.Release|x64.ActiveCfg = Release|Any CPU
		{FEE5982B-AD8F-4141-8696-28801684BFBE}.Release|x64.Build.0 = Release|Any CPU
		{FEE5982B-AD8F-4141-8696-28801684BFBE}.Release|x86.ActiveCfg = Release|Any CPU
		{FEE5982B-AD8F-4141-8696-28801684BFBE}.Release|x86.Build.0 = Release|Any CPU
		{C0D8085A-7891-4146-A858-7BAB1402E5A4}.Debug|Any CPU.ActiveCfg = Debug|Any CPU
		{C0D8085A-7891-4146-A858-7BAB1402E5A4}.Debug|Any CPU.Build.0 = Debug|Any CPU
		{C0D8085A-7891-4146-A858-7BAB1402E5A4}.Debug|x64.ActiveCfg = Debug|Any CPU
		{C0D8085A-7891-4146-A858-7BAB1402E5A4}.Debug|x64.Build.0 = Debug|Any CPU
		{C0D8085A-7891-4146-A858-7BAB1402E5A4}.Debug|x86.ActiveCfg = Debug|Any CPU
		{C0D8085A-7891-4146-A858-7BAB1402E5A4}.Debug|x86.Build.0 = Debug|Any CPU
		{C0D8085A-7891-4146-A858-7BAB1402E5A4}.Release|Any CPU.ActiveCfg = Release|Any CPU
		{C0D8085A-7891-4146-A858-7BAB1402E5A4}.Release|Any CPU.Build.0 = Release|Any CPU
		{C0D8085A-7891-4146-A858-7BAB1402E5A4}.Release|x64.ActiveCfg = Release|Any CPU
		{C0D8085A-7891-4146-A858-7BAB1402E5A4}.Release|x64.Build.0 = Release|Any CPU
		{C0D8085A-7891-4146-A858-7BAB1402E5A4}.Release|x86.ActiveCfg = Release|Any CPU
		{C0D8085A-7891-4146-A858-7BAB1402E5A4}.Release|x86.Build.0 = Release|Any CPU
		{CB1DF6BD-732B-4260-B4D0-CF54C64B9627}.Debug|Any CPU.ActiveCfg = Debug|Any CPU
		{CB1DF6BD-732B-4260-B4D0-CF54C64B9627}.Debug|Any CPU.Build.0 = Debug|Any CPU
		{CB1DF6BD-732B-4260-B4D0-CF54C64B9627}.Debug|x64.ActiveCfg = Debug|Any CPU
		{CB1DF6BD-732B-4260-B4D0-CF54C64B9627}.Debug|x64.Build.0 = Debug|Any CPU
		{CB1DF6BD-732B-4260-B4D0-CF54C64B9627}.Debug|x86.ActiveCfg = Debug|Any CPU
		{CB1DF6BD-732B-4260-B4D0-CF54C64B9627}.Debug|x86.Build.0 = Debug|Any CPU
		{CB1DF6BD-732B-4260-B4D0-CF54C64B9627}.Release|Any CPU.ActiveCfg = Release|Any CPU
		{CB1DF6BD-732B-4260-B4D0-CF54C64B9627}.Release|Any CPU.Build.0 = Release|Any CPU
		{CB1DF6BD-732B-4260-B4D0-CF54C64B9627}.Release|x64.ActiveCfg = Release|Any CPU
		{CB1DF6BD-732B-4260-B4D0-CF54C64B9627}.Release|x64.Build.0 = Release|Any CPU
		{CB1DF6BD-732B-4260-B4D0-CF54C64B9627}.Release|x86.ActiveCfg = Release|Any CPU
		{CB1DF6BD-732B-4260-B4D0-CF54C64B9627}.Release|x86.Build.0 = Release|Any CPU
		{6A29E0A3-3C7F-4B30-89D5-C3992D71C5DA}.Debug|Any CPU.ActiveCfg = Debug|Any CPU
		{6A29E0A3-3C7F-4B30-89D5-C3992D71C5DA}.Debug|Any CPU.Build.0 = Debug|Any CPU
		{6A29E0A3-3C7F-4B30-89D5-C3992D71C5DA}.Debug|x64.ActiveCfg = Debug|Any CPU
		{6A29E0A3-3C7F-4B30-89D5-C3992D71C5DA}.Debug|x64.Build.0 = Debug|Any CPU
		{6A29E0A3-3C7F-4B30-89D5-C3992D71C5DA}.Debug|x86.ActiveCfg = Debug|Any CPU
		{6A29E0A3-3C7F-4B30-89D5-C3992D71C5DA}.Debug|x86.Build.0 = Debug|Any CPU
		{6A29E0A3-3C7F-4B30-89D5-C3992D71C5DA}.Release|Any CPU.ActiveCfg = Release|Any CPU
		{6A29E0A3-3C7F-4B30-89D5-C3992D71C5DA}.Release|Any CPU.Build.0 = Release|Any CPU
		{6A29E0A3-3C7F-4B30-89D5-C3992D71C5DA}.Release|x64.ActiveCfg = Release|Any CPU
		{6A29E0A3-3C7F-4B30-89D5-C3992D71C5DA}.Release|x64.Build.0 = Release|Any CPU
		{6A29E0A3-3C7F-4B30-89D5-C3992D71C5DA}.Release|x86.ActiveCfg = Release|Any CPU
		{6A29E0A3-3C7F-4B30-89D5-C3992D71C5DA}.Release|x86.Build.0 = Release|Any CPU
		{576DED6D-0E5B-4534-A1E6-CDA1D2A7C081}.Debug|Any CPU.ActiveCfg = Debug|Any CPU
		{576DED6D-0E5B-4534-A1E6-CDA1D2A7C081}.Debug|Any CPU.Build.0 = Debug|Any CPU
		{576DED6D-0E5B-4534-A1E6-CDA1D2A7C081}.Debug|x64.ActiveCfg = Debug|Any CPU
		{576DED6D-0E5B-4534-A1E6-CDA1D2A7C081}.Debug|x64.Build.0 = Debug|Any CPU
		{576DED6D-0E5B-4534-A1E6-CDA1D2A7C081}.Debug|x86.ActiveCfg = Debug|Any CPU
		{576DED6D-0E5B-4534-A1E6-CDA1D2A7C081}.Debug|x86.Build.0 = Debug|Any CPU
		{576DED6D-0E5B-4534-A1E6-CDA1D2A7C081}.Release|Any CPU.ActiveCfg = Release|Any CPU
		{576DED6D-0E5B-4534-A1E6-CDA1D2A7C081}.Release|Any CPU.Build.0 = Release|Any CPU
		{576DED6D-0E5B-4534-A1E6-CDA1D2A7C081}.Release|x64.ActiveCfg = Release|Any CPU
		{576DED6D-0E5B-4534-A1E6-CDA1D2A7C081}.Release|x64.Build.0 = Release|Any CPU
		{576DED6D-0E5B-4534-A1E6-CDA1D2A7C081}.Release|x86.ActiveCfg = Release|Any CPU
		{576DED6D-0E5B-4534-A1E6-CDA1D2A7C081}.Release|x86.Build.0 = Release|Any CPU
		{C63BB328-F167-4522-ACB8-B433C30DCB7C}.Debug|Any CPU.ActiveCfg = Debug|Any CPU
		{C63BB328-F167-4522-ACB8-B433C30DCB7C}.Debug|Any CPU.Build.0 = Debug|Any CPU
		{C63BB328-F167-4522-ACB8-B433C30DCB7C}.Debug|x64.ActiveCfg = Debug|Any CPU
		{C63BB328-F167-4522-ACB8-B433C30DCB7C}.Debug|x64.Build.0 = Debug|Any CPU
		{C63BB328-F167-4522-ACB8-B433C30DCB7C}.Debug|x86.ActiveCfg = Debug|Any CPU
		{C63BB328-F167-4522-ACB8-B433C30DCB7C}.Debug|x86.Build.0 = Debug|Any CPU
		{C63BB328-F167-4522-ACB8-B433C30DCB7C}.Release|Any CPU.ActiveCfg = Release|Any CPU
		{C63BB328-F167-4522-ACB8-B433C30DCB7C}.Release|Any CPU.Build.0 = Release|Any CPU
		{C63BB328-F167-4522-ACB8-B433C30DCB7C}.Release|x64.ActiveCfg = Release|Any CPU
		{C63BB328-F167-4522-ACB8-B433C30DCB7C}.Release|x64.Build.0 = Release|Any CPU
		{C63BB328-F167-4522-ACB8-B433C30DCB7C}.Release|x86.ActiveCfg = Release|Any CPU
		{C63BB328-F167-4522-ACB8-B433C30DCB7C}.Release|x86.Build.0 = Release|Any CPU
		{B1C2A81A-EBD3-48AF-AAE2-19C1548EC2F6}.Debug|Any CPU.ActiveCfg = Debug|Any CPU
		{B1C2A81A-EBD3-48AF-AAE2-19C1548EC2F6}.Debug|Any CPU.Build.0 = Debug|Any CPU
		{B1C2A81A-EBD3-48AF-AAE2-19C1548EC2F6}.Debug|x64.ActiveCfg = Debug|Any CPU
		{B1C2A81A-EBD3-48AF-AAE2-19C1548EC2F6}.Debug|x64.Build.0 = Debug|Any CPU
		{B1C2A81A-EBD3-48AF-AAE2-19C1548EC2F6}.Debug|x86.ActiveCfg = Debug|Any CPU
		{B1C2A81A-EBD3-48AF-AAE2-19C1548EC2F6}.Debug|x86.Build.0 = Debug|Any CPU
		{B1C2A81A-EBD3-48AF-AAE2-19C1548EC2F6}.Release|Any CPU.ActiveCfg = Release|Any CPU
		{B1C2A81A-EBD3-48AF-AAE2-19C1548EC2F6}.Release|Any CPU.Build.0 = Release|Any CPU
		{B1C2A81A-EBD3-48AF-AAE2-19C1548EC2F6}.Release|x64.ActiveCfg = Release|Any CPU
		{B1C2A81A-EBD3-48AF-AAE2-19C1548EC2F6}.Release|x64.Build.0 = Release|Any CPU
		{B1C2A81A-EBD3-48AF-AAE2-19C1548EC2F6}.Release|x86.ActiveCfg = Release|Any CPU
		{B1C2A81A-EBD3-48AF-AAE2-19C1548EC2F6}.Release|x86.Build.0 = Release|Any CPU
		{7A9A5F73-8FD7-4CD2-885F-68605419A865}.Debug|Any CPU.ActiveCfg = Debug|Any CPU
		{7A9A5F73-8FD7-4CD2-885F-68605419A865}.Debug|Any CPU.Build.0 = Debug|Any CPU
		{7A9A5F73-8FD7-4CD2-885F-68605419A865}.Debug|x64.ActiveCfg = Debug|Any CPU
		{7A9A5F73-8FD7-4CD2-885F-68605419A865}.Debug|x64.Build.0 = Debug|Any CPU
		{7A9A5F73-8FD7-4CD2-885F-68605419A865}.Debug|x86.ActiveCfg = Debug|Any CPU
		{7A9A5F73-8FD7-4CD2-885F-68605419A865}.Debug|x86.Build.0 = Debug|Any CPU
		{7A9A5F73-8FD7-4CD2-885F-68605419A865}.Release|Any CPU.ActiveCfg = Release|Any CPU
		{7A9A5F73-8FD7-4CD2-885F-68605419A865}.Release|Any CPU.Build.0 = Release|Any CPU
		{7A9A5F73-8FD7-4CD2-885F-68605419A865}.Release|x64.ActiveCfg = Release|Any CPU
		{7A9A5F73-8FD7-4CD2-885F-68605419A865}.Release|x64.Build.0 = Release|Any CPU
		{7A9A5F73-8FD7-4CD2-885F-68605419A865}.Release|x86.ActiveCfg = Release|Any CPU
		{7A9A5F73-8FD7-4CD2-885F-68605419A865}.Release|x86.Build.0 = Release|Any CPU
		{6083638D-9660-4938-99A6-AC33CA666EB9}.Debug|Any CPU.ActiveCfg = Debug|Any CPU
		{6083638D-9660-4938-99A6-AC33CA666EB9}.Debug|Any CPU.Build.0 = Debug|Any CPU
		{6083638D-9660-4938-99A6-AC33CA666EB9}.Debug|x64.ActiveCfg = Debug|Any CPU
		{6083638D-9660-4938-99A6-AC33CA666EB9}.Debug|x64.Build.0 = Debug|Any CPU
		{6083638D-9660-4938-99A6-AC33CA666EB9}.Debug|x86.ActiveCfg = Debug|Any CPU
		{6083638D-9660-4938-99A6-AC33CA666EB9}.Debug|x86.Build.0 = Debug|Any CPU
		{6083638D-9660-4938-99A6-AC33CA666EB9}.Release|Any CPU.ActiveCfg = Release|Any CPU
		{6083638D-9660-4938-99A6-AC33CA666EB9}.Release|Any CPU.Build.0 = Release|Any CPU
		{6083638D-9660-4938-99A6-AC33CA666EB9}.Release|x64.ActiveCfg = Release|Any CPU
		{6083638D-9660-4938-99A6-AC33CA666EB9}.Release|x64.Build.0 = Release|Any CPU
		{6083638D-9660-4938-99A6-AC33CA666EB9}.Release|x86.ActiveCfg = Release|Any CPU
		{6083638D-9660-4938-99A6-AC33CA666EB9}.Release|x86.Build.0 = Release|Any CPU
		{1E36CA95-0762-4B4B-985D-4251445E737B}.Debug|Any CPU.ActiveCfg = Debug|Any CPU
		{1E36CA95-0762-4B4B-985D-4251445E737B}.Debug|Any CPU.Build.0 = Debug|Any CPU
		{1E36CA95-0762-4B4B-985D-4251445E737B}.Debug|x64.ActiveCfg = Debug|Any CPU
		{1E36CA95-0762-4B4B-985D-4251445E737B}.Debug|x64.Build.0 = Debug|Any CPU
		{1E36CA95-0762-4B4B-985D-4251445E737B}.Debug|x86.ActiveCfg = Debug|Any CPU
		{1E36CA95-0762-4B4B-985D-4251445E737B}.Debug|x86.Build.0 = Debug|Any CPU
		{1E36CA95-0762-4B4B-985D-4251445E737B}.Release|Any CPU.ActiveCfg = Release|Any CPU
		{1E36CA95-0762-4B4B-985D-4251445E737B}.Release|Any CPU.Build.0 = Release|Any CPU
		{1E36CA95-0762-4B4B-985D-4251445E737B}.Release|x64.ActiveCfg = Release|Any CPU
		{1E36CA95-0762-4B4B-985D-4251445E737B}.Release|x64.Build.0 = Release|Any CPU
		{1E36CA95-0762-4B4B-985D-4251445E737B}.Release|x86.ActiveCfg = Release|Any CPU
		{1E36CA95-0762-4B4B-985D-4251445E737B}.Release|x86.Build.0 = Release|Any CPU
		{9F978B56-E881-4991-91B0-4CE291C0E4D7}.Debug|Any CPU.ActiveCfg = Debug|Any CPU
		{9F978B56-E881-4991-91B0-4CE291C0E4D7}.Debug|Any CPU.Build.0 = Debug|Any CPU
		{9F978B56-E881-4991-91B0-4CE291C0E4D7}.Debug|x64.ActiveCfg = Debug|Any CPU
		{9F978B56-E881-4991-91B0-4CE291C0E4D7}.Debug|x64.Build.0 = Debug|Any CPU
		{9F978B56-E881-4991-91B0-4CE291C0E4D7}.Debug|x86.ActiveCfg = Debug|Any CPU
		{9F978B56-E881-4991-91B0-4CE291C0E4D7}.Debug|x86.Build.0 = Debug|Any CPU
		{9F978B56-E881-4991-91B0-4CE291C0E4D7}.Release|Any CPU.ActiveCfg = Release|Any CPU
		{9F978B56-E881-4991-91B0-4CE291C0E4D7}.Release|Any CPU.Build.0 = Release|Any CPU
		{9F978B56-E881-4991-91B0-4CE291C0E4D7}.Release|x64.ActiveCfg = Release|Any CPU
		{9F978B56-E881-4991-91B0-4CE291C0E4D7}.Release|x64.Build.0 = Release|Any CPU
		{9F978B56-E881-4991-91B0-4CE291C0E4D7}.Release|x86.ActiveCfg = Release|Any CPU
		{9F978B56-E881-4991-91B0-4CE291C0E4D7}.Release|x86.Build.0 = Release|Any CPU
		{08D477EF-140E-45D9-89BD-4C7314308D33}.Debug|Any CPU.ActiveCfg = Debug|Any CPU
		{08D477EF-140E-45D9-89BD-4C7314308D33}.Debug|Any CPU.Build.0 = Debug|Any CPU
		{08D477EF-140E-45D9-89BD-4C7314308D33}.Debug|x64.ActiveCfg = Debug|Any CPU
		{08D477EF-140E-45D9-89BD-4C7314308D33}.Debug|x64.Build.0 = Debug|Any CPU
		{08D477EF-140E-45D9-89BD-4C7314308D33}.Debug|x86.ActiveCfg = Debug|Any CPU
		{08D477EF-140E-45D9-89BD-4C7314308D33}.Debug|x86.Build.0 = Debug|Any CPU
		{08D477EF-140E-45D9-89BD-4C7314308D33}.Release|Any CPU.ActiveCfg = Release|Any CPU
		{08D477EF-140E-45D9-89BD-4C7314308D33}.Release|Any CPU.Build.0 = Release|Any CPU
		{08D477EF-140E-45D9-89BD-4C7314308D33}.Release|x64.ActiveCfg = Release|Any CPU
		{08D477EF-140E-45D9-89BD-4C7314308D33}.Release|x64.Build.0 = Release|Any CPU
		{08D477EF-140E-45D9-89BD-4C7314308D33}.Release|x86.ActiveCfg = Release|Any CPU
		{08D477EF-140E-45D9-89BD-4C7314308D33}.Release|x86.Build.0 = Release|Any CPU
		{65226BC4-C0CB-4D2C-952D-5B9A6128BDE8}.Debug|Any CPU.ActiveCfg = Debug|Any CPU
		{65226BC4-C0CB-4D2C-952D-5B9A6128BDE8}.Debug|Any CPU.Build.0 = Debug|Any CPU
		{65226BC4-C0CB-4D2C-952D-5B9A6128BDE8}.Debug|x64.ActiveCfg = Debug|Any CPU
		{65226BC4-C0CB-4D2C-952D-5B9A6128BDE8}.Debug|x64.Build.0 = Debug|Any CPU
		{65226BC4-C0CB-4D2C-952D-5B9A6128BDE8}.Debug|x86.ActiveCfg = Debug|Any CPU
		{65226BC4-C0CB-4D2C-952D-5B9A6128BDE8}.Debug|x86.Build.0 = Debug|Any CPU
		{65226BC4-C0CB-4D2C-952D-5B9A6128BDE8}.Release|Any CPU.ActiveCfg = Release|Any CPU
		{65226BC4-C0CB-4D2C-952D-5B9A6128BDE8}.Release|Any CPU.Build.0 = Release|Any CPU
		{65226BC4-C0CB-4D2C-952D-5B9A6128BDE8}.Release|x64.ActiveCfg = Release|Any CPU
		{65226BC4-C0CB-4D2C-952D-5B9A6128BDE8}.Release|x64.Build.0 = Release|Any CPU
		{65226BC4-C0CB-4D2C-952D-5B9A6128BDE8}.Release|x86.ActiveCfg = Release|Any CPU
		{65226BC4-C0CB-4D2C-952D-5B9A6128BDE8}.Release|x86.Build.0 = Release|Any CPU
		{C67EDA70-47FE-415E-AB6A-3DC89B62D009}.Debug|Any CPU.ActiveCfg = Debug|Any CPU
		{C67EDA70-47FE-415E-AB6A-3DC89B62D009}.Debug|Any CPU.Build.0 = Debug|Any CPU
		{C67EDA70-47FE-415E-AB6A-3DC89B62D009}.Debug|x64.ActiveCfg = Debug|Any CPU
		{C67EDA70-47FE-415E-AB6A-3DC89B62D009}.Debug|x64.Build.0 = Debug|Any CPU
		{C67EDA70-47FE-415E-AB6A-3DC89B62D009}.Debug|x86.ActiveCfg = Debug|Any CPU
		{C67EDA70-47FE-415E-AB6A-3DC89B62D009}.Debug|x86.Build.0 = Debug|Any CPU
		{C67EDA70-47FE-415E-AB6A-3DC89B62D009}.Release|Any CPU.ActiveCfg = Release|Any CPU
		{C67EDA70-47FE-415E-AB6A-3DC89B62D009}.Release|Any CPU.Build.0 = Release|Any CPU
		{C67EDA70-47FE-415E-AB6A-3DC89B62D009}.Release|x64.ActiveCfg = Release|Any CPU
		{C67EDA70-47FE-415E-AB6A-3DC89B62D009}.Release|x64.Build.0 = Release|Any CPU
		{C67EDA70-47FE-415E-AB6A-3DC89B62D009}.Release|x86.ActiveCfg = Release|Any CPU
		{C67EDA70-47FE-415E-AB6A-3DC89B62D009}.Release|x86.Build.0 = Release|Any CPU
		{E8BB2D92-6964-49D9-8923-B12D1179843E}.Debug|Any CPU.ActiveCfg = Debug|Any CPU
		{E8BB2D92-6964-49D9-8923-B12D1179843E}.Debug|Any CPU.Build.0 = Debug|Any CPU
		{E8BB2D92-6964-49D9-8923-B12D1179843E}.Debug|x64.ActiveCfg = Debug|Any CPU
		{E8BB2D92-6964-49D9-8923-B12D1179843E}.Debug|x64.Build.0 = Debug|Any CPU
		{E8BB2D92-6964-49D9-8923-B12D1179843E}.Debug|x86.ActiveCfg = Debug|Any CPU
		{E8BB2D92-6964-49D9-8923-B12D1179843E}.Debug|x86.Build.0 = Debug|Any CPU
		{E8BB2D92-6964-49D9-8923-B12D1179843E}.Release|Any CPU.ActiveCfg = Release|Any CPU
		{E8BB2D92-6964-49D9-8923-B12D1179843E}.Release|Any CPU.Build.0 = Release|Any CPU
		{E8BB2D92-6964-49D9-8923-B12D1179843E}.Release|x64.ActiveCfg = Release|Any CPU
		{E8BB2D92-6964-49D9-8923-B12D1179843E}.Release|x64.Build.0 = Release|Any CPU
		{E8BB2D92-6964-49D9-8923-B12D1179843E}.Release|x86.ActiveCfg = Release|Any CPU
		{E8BB2D92-6964-49D9-8923-B12D1179843E}.Release|x86.Build.0 = Release|Any CPU
		{82FF24F9-09A1-46C1-9E2E-4F2A60C04F2B}.Debug|Any CPU.ActiveCfg = Debug|Any CPU
		{82FF24F9-09A1-46C1-9E2E-4F2A60C04F2B}.Debug|Any CPU.Build.0 = Debug|Any CPU
		{82FF24F9-09A1-46C1-9E2E-4F2A60C04F2B}.Debug|x64.ActiveCfg = Debug|Any CPU
		{82FF24F9-09A1-46C1-9E2E-4F2A60C04F2B}.Debug|x64.Build.0 = Debug|Any CPU
		{82FF24F9-09A1-46C1-9E2E-4F2A60C04F2B}.Debug|x86.ActiveCfg = Debug|Any CPU
		{82FF24F9-09A1-46C1-9E2E-4F2A60C04F2B}.Debug|x86.Build.0 = Debug|Any CPU
		{82FF24F9-09A1-46C1-9E2E-4F2A60C04F2B}.Release|Any CPU.ActiveCfg = Release|Any CPU
		{82FF24F9-09A1-46C1-9E2E-4F2A60C04F2B}.Release|Any CPU.Build.0 = Release|Any CPU
		{82FF24F9-09A1-46C1-9E2E-4F2A60C04F2B}.Release|x64.ActiveCfg = Release|Any CPU
		{82FF24F9-09A1-46C1-9E2E-4F2A60C04F2B}.Release|x64.Build.0 = Release|Any CPU
		{82FF24F9-09A1-46C1-9E2E-4F2A60C04F2B}.Release|x86.ActiveCfg = Release|Any CPU
		{82FF24F9-09A1-46C1-9E2E-4F2A60C04F2B}.Release|x86.Build.0 = Release|Any CPU
		{A27D4AC5-14DD-4E63-82FD-17EA9963B36D}.Debug|Any CPU.ActiveCfg = Debug|Any CPU
		{A27D4AC5-14DD-4E63-82FD-17EA9963B36D}.Debug|Any CPU.Build.0 = Debug|Any CPU
		{A27D4AC5-14DD-4E63-82FD-17EA9963B36D}.Debug|x64.ActiveCfg = Debug|Any CPU
		{A27D4AC5-14DD-4E63-82FD-17EA9963B36D}.Debug|x64.Build.0 = Debug|Any CPU
		{A27D4AC5-14DD-4E63-82FD-17EA9963B36D}.Debug|x86.ActiveCfg = Debug|Any CPU
		{A27D4AC5-14DD-4E63-82FD-17EA9963B36D}.Debug|x86.Build.0 = Debug|Any CPU
		{A27D4AC5-14DD-4E63-82FD-17EA9963B36D}.Release|Any CPU.ActiveCfg = Release|Any CPU
		{A27D4AC5-14DD-4E63-82FD-17EA9963B36D}.Release|Any CPU.Build.0 = Release|Any CPU
		{A27D4AC5-14DD-4E63-82FD-17EA9963B36D}.Release|x64.ActiveCfg = Release|Any CPU
		{A27D4AC5-14DD-4E63-82FD-17EA9963B36D}.Release|x64.Build.0 = Release|Any CPU
		{A27D4AC5-14DD-4E63-82FD-17EA9963B36D}.Release|x86.ActiveCfg = Release|Any CPU
		{A27D4AC5-14DD-4E63-82FD-17EA9963B36D}.Release|x86.Build.0 = Release|Any CPU
		{60EF2A10-1131-4E62-B29F-FA422FF1F90E}.Debug|Any CPU.ActiveCfg = Debug|Any CPU
		{60EF2A10-1131-4E62-B29F-FA422FF1F90E}.Debug|Any CPU.Build.0 = Debug|Any CPU
		{60EF2A10-1131-4E62-B29F-FA422FF1F90E}.Debug|x64.ActiveCfg = Debug|Any CPU
		{60EF2A10-1131-4E62-B29F-FA422FF1F90E}.Debug|x64.Build.0 = Debug|Any CPU
		{60EF2A10-1131-4E62-B29F-FA422FF1F90E}.Debug|x86.ActiveCfg = Debug|Any CPU
		{60EF2A10-1131-4E62-B29F-FA422FF1F90E}.Debug|x86.Build.0 = Debug|Any CPU
		{60EF2A10-1131-4E62-B29F-FA422FF1F90E}.Release|Any CPU.ActiveCfg = Release|Any CPU
		{60EF2A10-1131-4E62-B29F-FA422FF1F90E}.Release|Any CPU.Build.0 = Release|Any CPU
		{60EF2A10-1131-4E62-B29F-FA422FF1F90E}.Release|x64.ActiveCfg = Release|Any CPU
		{60EF2A10-1131-4E62-B29F-FA422FF1F90E}.Release|x64.Build.0 = Release|Any CPU
		{60EF2A10-1131-4E62-B29F-FA422FF1F90E}.Release|x86.ActiveCfg = Release|Any CPU
		{60EF2A10-1131-4E62-B29F-FA422FF1F90E}.Release|x86.Build.0 = Release|Any CPU
		{8D569A52-6F2F-465C-93C4-C75FBB5E040C}.Debug|Any CPU.ActiveCfg = Debug|Any CPU
		{8D569A52-6F2F-465C-93C4-C75FBB5E040C}.Debug|Any CPU.Build.0 = Debug|Any CPU
		{8D569A52-6F2F-465C-93C4-C75FBB5E040C}.Debug|x64.ActiveCfg = Debug|Any CPU
		{8D569A52-6F2F-465C-93C4-C75FBB5E040C}.Debug|x64.Build.0 = Debug|Any CPU
		{8D569A52-6F2F-465C-93C4-C75FBB5E040C}.Debug|x86.ActiveCfg = Debug|Any CPU
		{8D569A52-6F2F-465C-93C4-C75FBB5E040C}.Debug|x86.Build.0 = Debug|Any CPU
		{8D569A52-6F2F-465C-93C4-C75FBB5E040C}.Release|Any CPU.ActiveCfg = Release|Any CPU
		{8D569A52-6F2F-465C-93C4-C75FBB5E040C}.Release|Any CPU.Build.0 = Release|Any CPU
		{8D569A52-6F2F-465C-93C4-C75FBB5E040C}.Release|x64.ActiveCfg = Release|Any CPU
		{8D569A52-6F2F-465C-93C4-C75FBB5E040C}.Release|x64.Build.0 = Release|Any CPU
		{8D569A52-6F2F-465C-93C4-C75FBB5E040C}.Release|x86.ActiveCfg = Release|Any CPU
		{8D569A52-6F2F-465C-93C4-C75FBB5E040C}.Release|x86.Build.0 = Release|Any CPU
		{336558CF-29CE-481C-B872-3F3B4D12684F}.Debug|Any CPU.ActiveCfg = Debug|Any CPU
		{336558CF-29CE-481C-B872-3F3B4D12684F}.Debug|Any CPU.Build.0 = Debug|Any CPU
		{336558CF-29CE-481C-B872-3F3B4D12684F}.Debug|x64.ActiveCfg = Debug|Any CPU
		{336558CF-29CE-481C-B872-3F3B4D12684F}.Debug|x64.Build.0 = Debug|Any CPU
		{336558CF-29CE-481C-B872-3F3B4D12684F}.Debug|x86.ActiveCfg = Debug|Any CPU
		{336558CF-29CE-481C-B872-3F3B4D12684F}.Debug|x86.Build.0 = Debug|Any CPU
		{336558CF-29CE-481C-B872-3F3B4D12684F}.Release|Any CPU.ActiveCfg = Release|Any CPU
		{336558CF-29CE-481C-B872-3F3B4D12684F}.Release|Any CPU.Build.0 = Release|Any CPU
		{336558CF-29CE-481C-B872-3F3B4D12684F}.Release|x64.ActiveCfg = Release|Any CPU
		{336558CF-29CE-481C-B872-3F3B4D12684F}.Release|x64.Build.0 = Release|Any CPU
		{336558CF-29CE-481C-B872-3F3B4D12684F}.Release|x86.ActiveCfg = Release|Any CPU
		{336558CF-29CE-481C-B872-3F3B4D12684F}.Release|x86.Build.0 = Release|Any CPU
		{0D37C07C-2F9C-4A73-B232-453151A26DA5}.Debug|Any CPU.ActiveCfg = Debug|Any CPU
		{0D37C07C-2F9C-4A73-B232-453151A26DA5}.Debug|Any CPU.Build.0 = Debug|Any CPU
		{0D37C07C-2F9C-4A73-B232-453151A26DA5}.Debug|x64.ActiveCfg = Debug|Any CPU
		{0D37C07C-2F9C-4A73-B232-453151A26DA5}.Debug|x64.Build.0 = Debug|Any CPU
		{0D37C07C-2F9C-4A73-B232-453151A26DA5}.Debug|x86.ActiveCfg = Debug|Any CPU
		{0D37C07C-2F9C-4A73-B232-453151A26DA5}.Debug|x86.Build.0 = Debug|Any CPU
		{0D37C07C-2F9C-4A73-B232-453151A26DA5}.Release|Any CPU.ActiveCfg = Release|Any CPU
		{0D37C07C-2F9C-4A73-B232-453151A26DA5}.Release|Any CPU.Build.0 = Release|Any CPU
		{0D37C07C-2F9C-4A73-B232-453151A26DA5}.Release|x64.ActiveCfg = Release|Any CPU
		{0D37C07C-2F9C-4A73-B232-453151A26DA5}.Release|x64.Build.0 = Release|Any CPU
		{0D37C07C-2F9C-4A73-B232-453151A26DA5}.Release|x86.ActiveCfg = Release|Any CPU
		{0D37C07C-2F9C-4A73-B232-453151A26DA5}.Release|x86.Build.0 = Release|Any CPU
		{EB399F48-0831-4EA7-8B73-DC6C15A52A58}.Debug|Any CPU.ActiveCfg = Debug|Any CPU
		{EB399F48-0831-4EA7-8B73-DC6C15A52A58}.Debug|Any CPU.Build.0 = Debug|Any CPU
		{EB399F48-0831-4EA7-8B73-DC6C15A52A58}.Debug|x64.ActiveCfg = Debug|Any CPU
		{EB399F48-0831-4EA7-8B73-DC6C15A52A58}.Debug|x64.Build.0 = Debug|Any CPU
		{EB399F48-0831-4EA7-8B73-DC6C15A52A58}.Debug|x86.ActiveCfg = Debug|Any CPU
		{EB399F48-0831-4EA7-8B73-DC6C15A52A58}.Debug|x86.Build.0 = Debug|Any CPU
		{EB399F48-0831-4EA7-8B73-DC6C15A52A58}.Release|Any CPU.ActiveCfg = Release|Any CPU
		{EB399F48-0831-4EA7-8B73-DC6C15A52A58}.Release|Any CPU.Build.0 = Release|Any CPU
		{EB399F48-0831-4EA7-8B73-DC6C15A52A58}.Release|x64.ActiveCfg = Release|Any CPU
		{EB399F48-0831-4EA7-8B73-DC6C15A52A58}.Release|x64.Build.0 = Release|Any CPU
		{EB399F48-0831-4EA7-8B73-DC6C15A52A58}.Release|x86.ActiveCfg = Release|Any CPU
		{EB399F48-0831-4EA7-8B73-DC6C15A52A58}.Release|x86.Build.0 = Release|Any CPU
		{61F41440-1B0A-4095-B5A8-A7A95CC14EA6}.Debug|Any CPU.ActiveCfg = Debug|Any CPU
		{61F41440-1B0A-4095-B5A8-A7A95CC14EA6}.Debug|Any CPU.Build.0 = Debug|Any CPU
		{61F41440-1B0A-4095-B5A8-A7A95CC14EA6}.Debug|x64.ActiveCfg = Debug|Any CPU
		{61F41440-1B0A-4095-B5A8-A7A95CC14EA6}.Debug|x64.Build.0 = Debug|Any CPU
		{61F41440-1B0A-4095-B5A8-A7A95CC14EA6}.Debug|x86.ActiveCfg = Debug|Any CPU
		{61F41440-1B0A-4095-B5A8-A7A95CC14EA6}.Debug|x86.Build.0 = Debug|Any CPU
		{61F41440-1B0A-4095-B5A8-A7A95CC14EA6}.Release|Any CPU.ActiveCfg = Release|Any CPU
		{61F41440-1B0A-4095-B5A8-A7A95CC14EA6}.Release|Any CPU.Build.0 = Release|Any CPU
		{61F41440-1B0A-4095-B5A8-A7A95CC14EA6}.Release|x64.ActiveCfg = Release|Any CPU
		{61F41440-1B0A-4095-B5A8-A7A95CC14EA6}.Release|x64.Build.0 = Release|Any CPU
		{61F41440-1B0A-4095-B5A8-A7A95CC14EA6}.Release|x86.ActiveCfg = Release|Any CPU
		{61F41440-1B0A-4095-B5A8-A7A95CC14EA6}.Release|x86.Build.0 = Release|Any CPU
		{073C2F57-4443-4A1A-9750-CA37AD8B1058}.Debug|Any CPU.ActiveCfg = Debug|Any CPU
		{073C2F57-4443-4A1A-9750-CA37AD8B1058}.Debug|Any CPU.Build.0 = Debug|Any CPU
		{073C2F57-4443-4A1A-9750-CA37AD8B1058}.Debug|x64.ActiveCfg = Debug|Any CPU
		{073C2F57-4443-4A1A-9750-CA37AD8B1058}.Debug|x64.Build.0 = Debug|Any CPU
		{073C2F57-4443-4A1A-9750-CA37AD8B1058}.Debug|x86.ActiveCfg = Debug|Any CPU
		{073C2F57-4443-4A1A-9750-CA37AD8B1058}.Debug|x86.Build.0 = Debug|Any CPU
		{073C2F57-4443-4A1A-9750-CA37AD8B1058}.Release|Any CPU.ActiveCfg = Release|Any CPU
		{073C2F57-4443-4A1A-9750-CA37AD8B1058}.Release|Any CPU.Build.0 = Release|Any CPU
		{073C2F57-4443-4A1A-9750-CA37AD8B1058}.Release|x64.ActiveCfg = Release|Any CPU
		{073C2F57-4443-4A1A-9750-CA37AD8B1058}.Release|x64.Build.0 = Release|Any CPU
		{073C2F57-4443-4A1A-9750-CA37AD8B1058}.Release|x86.ActiveCfg = Release|Any CPU
		{073C2F57-4443-4A1A-9750-CA37AD8B1058}.Release|x86.Build.0 = Release|Any CPU
		{1F08B4D7-9BB8-49B3-A96E-77D1705B7214}.Debug|Any CPU.ActiveCfg = Debug|Any CPU
		{1F08B4D7-9BB8-49B3-A96E-77D1705B7214}.Debug|Any CPU.Build.0 = Debug|Any CPU
		{1F08B4D7-9BB8-49B3-A96E-77D1705B7214}.Debug|x64.ActiveCfg = Debug|Any CPU
		{1F08B4D7-9BB8-49B3-A96E-77D1705B7214}.Debug|x64.Build.0 = Debug|Any CPU
		{1F08B4D7-9BB8-49B3-A96E-77D1705B7214}.Debug|x86.ActiveCfg = Debug|Any CPU
		{1F08B4D7-9BB8-49B3-A96E-77D1705B7214}.Debug|x86.Build.0 = Debug|Any CPU
		{1F08B4D7-9BB8-49B3-A96E-77D1705B7214}.Release|Any CPU.ActiveCfg = Release|Any CPU
		{1F08B4D7-9BB8-49B3-A96E-77D1705B7214}.Release|Any CPU.Build.0 = Release|Any CPU
		{1F08B4D7-9BB8-49B3-A96E-77D1705B7214}.Release|x64.ActiveCfg = Release|Any CPU
		{1F08B4D7-9BB8-49B3-A96E-77D1705B7214}.Release|x64.Build.0 = Release|Any CPU
		{1F08B4D7-9BB8-49B3-A96E-77D1705B7214}.Release|x86.ActiveCfg = Release|Any CPU
		{1F08B4D7-9BB8-49B3-A96E-77D1705B7214}.Release|x86.Build.0 = Release|Any CPU
		{02E3CEEE-8C72-45BF-BF5A-C7AB65215DC9}.Debug|Any CPU.ActiveCfg = Debug|Any CPU
		{02E3CEEE-8C72-45BF-BF5A-C7AB65215DC9}.Debug|Any CPU.Build.0 = Debug|Any CPU
		{02E3CEEE-8C72-45BF-BF5A-C7AB65215DC9}.Debug|x64.ActiveCfg = Debug|Any CPU
		{02E3CEEE-8C72-45BF-BF5A-C7AB65215DC9}.Debug|x64.Build.0 = Debug|Any CPU
		{02E3CEEE-8C72-45BF-BF5A-C7AB65215DC9}.Debug|x86.ActiveCfg = Debug|Any CPU
		{02E3CEEE-8C72-45BF-BF5A-C7AB65215DC9}.Debug|x86.Build.0 = Debug|Any CPU
		{02E3CEEE-8C72-45BF-BF5A-C7AB65215DC9}.Release|Any CPU.ActiveCfg = Release|Any CPU
		{02E3CEEE-8C72-45BF-BF5A-C7AB65215DC9}.Release|Any CPU.Build.0 = Release|Any CPU
		{02E3CEEE-8C72-45BF-BF5A-C7AB65215DC9}.Release|x64.ActiveCfg = Release|Any CPU
		{02E3CEEE-8C72-45BF-BF5A-C7AB65215DC9}.Release|x64.Build.0 = Release|Any CPU
		{02E3CEEE-8C72-45BF-BF5A-C7AB65215DC9}.Release|x86.ActiveCfg = Release|Any CPU
		{02E3CEEE-8C72-45BF-BF5A-C7AB65215DC9}.Release|x86.Build.0 = Release|Any CPU
		{61E35CB2-8BD9-412E-B0B3-730717A579DF}.Debug|Any CPU.ActiveCfg = Debug|Any CPU
		{61E35CB2-8BD9-412E-B0B3-730717A579DF}.Debug|Any CPU.Build.0 = Debug|Any CPU
		{61E35CB2-8BD9-412E-B0B3-730717A579DF}.Debug|x64.ActiveCfg = Debug|Any CPU
		{61E35CB2-8BD9-412E-B0B3-730717A579DF}.Debug|x64.Build.0 = Debug|Any CPU
		{61E35CB2-8BD9-412E-B0B3-730717A579DF}.Debug|x86.ActiveCfg = Debug|Any CPU
		{61E35CB2-8BD9-412E-B0B3-730717A579DF}.Debug|x86.Build.0 = Debug|Any CPU
		{61E35CB2-8BD9-412E-B0B3-730717A579DF}.Release|Any CPU.ActiveCfg = Release|Any CPU
		{61E35CB2-8BD9-412E-B0B3-730717A579DF}.Release|Any CPU.Build.0 = Release|Any CPU
		{61E35CB2-8BD9-412E-B0B3-730717A579DF}.Release|x64.ActiveCfg = Release|Any CPU
		{61E35CB2-8BD9-412E-B0B3-730717A579DF}.Release|x64.Build.0 = Release|Any CPU
		{61E35CB2-8BD9-412E-B0B3-730717A579DF}.Release|x86.ActiveCfg = Release|Any CPU
		{61E35CB2-8BD9-412E-B0B3-730717A579DF}.Release|x86.Build.0 = Release|Any CPU
		{88038162-585E-4781-A777-498F8EEB8142}.Debug|Any CPU.ActiveCfg = Debug|Any CPU
		{88038162-585E-4781-A777-498F8EEB8142}.Debug|Any CPU.Build.0 = Debug|Any CPU
		{88038162-585E-4781-A777-498F8EEB8142}.Debug|x64.ActiveCfg = Debug|Any CPU
		{88038162-585E-4781-A777-498F8EEB8142}.Debug|x64.Build.0 = Debug|Any CPU
		{88038162-585E-4781-A777-498F8EEB8142}.Debug|x86.ActiveCfg = Debug|Any CPU
		{88038162-585E-4781-A777-498F8EEB8142}.Debug|x86.Build.0 = Debug|Any CPU
		{88038162-585E-4781-A777-498F8EEB8142}.Release|Any CPU.ActiveCfg = Release|Any CPU
		{88038162-585E-4781-A777-498F8EEB8142}.Release|Any CPU.Build.0 = Release|Any CPU
		{88038162-585E-4781-A777-498F8EEB8142}.Release|x64.ActiveCfg = Release|Any CPU
		{88038162-585E-4781-A777-498F8EEB8142}.Release|x64.Build.0 = Release|Any CPU
		{88038162-585E-4781-A777-498F8EEB8142}.Release|x86.ActiveCfg = Release|Any CPU
		{88038162-585E-4781-A777-498F8EEB8142}.Release|x86.Build.0 = Release|Any CPU
		{269D14BE-ED80-4E59-BF58-B4B95F6620E9}.Debug|Any CPU.ActiveCfg = Debug|Any CPU
		{269D14BE-ED80-4E59-BF58-B4B95F6620E9}.Debug|Any CPU.Build.0 = Debug|Any CPU
		{269D14BE-ED80-4E59-BF58-B4B95F6620E9}.Debug|x64.ActiveCfg = Debug|Any CPU
		{269D14BE-ED80-4E59-BF58-B4B95F6620E9}.Debug|x64.Build.0 = Debug|Any CPU
		{269D14BE-ED80-4E59-BF58-B4B95F6620E9}.Debug|x86.ActiveCfg = Debug|Any CPU
		{269D14BE-ED80-4E59-BF58-B4B95F6620E9}.Debug|x86.Build.0 = Debug|Any CPU
		{269D14BE-ED80-4E59-BF58-B4B95F6620E9}.Release|Any CPU.ActiveCfg = Release|Any CPU
		{269D14BE-ED80-4E59-BF58-B4B95F6620E9}.Release|Any CPU.Build.0 = Release|Any CPU
		{269D14BE-ED80-4E59-BF58-B4B95F6620E9}.Release|x64.ActiveCfg = Release|Any CPU
		{269D14BE-ED80-4E59-BF58-B4B95F6620E9}.Release|x64.Build.0 = Release|Any CPU
		{269D14BE-ED80-4E59-BF58-B4B95F6620E9}.Release|x86.ActiveCfg = Release|Any CPU
		{269D14BE-ED80-4E59-BF58-B4B95F6620E9}.Release|x86.Build.0 = Release|Any CPU
		{0996D454-D229-4811-AC56-277AD48857D3}.Debug|Any CPU.ActiveCfg = Debug|Any CPU
		{0996D454-D229-4811-AC56-277AD48857D3}.Debug|Any CPU.Build.0 = Debug|Any CPU
		{0996D454-D229-4811-AC56-277AD48857D3}.Debug|x64.ActiveCfg = Debug|Any CPU
		{0996D454-D229-4811-AC56-277AD48857D3}.Debug|x64.Build.0 = Debug|Any CPU
		{0996D454-D229-4811-AC56-277AD48857D3}.Debug|x86.ActiveCfg = Debug|Any CPU
		{0996D454-D229-4811-AC56-277AD48857D3}.Debug|x86.Build.0 = Debug|Any CPU
		{0996D454-D229-4811-AC56-277AD48857D3}.Release|Any CPU.ActiveCfg = Release|Any CPU
		{0996D454-D229-4811-AC56-277AD48857D3}.Release|Any CPU.Build.0 = Release|Any CPU
		{0996D454-D229-4811-AC56-277AD48857D3}.Release|x64.ActiveCfg = Release|Any CPU
		{0996D454-D229-4811-AC56-277AD48857D3}.Release|x64.Build.0 = Release|Any CPU
		{0996D454-D229-4811-AC56-277AD48857D3}.Release|x86.ActiveCfg = Release|Any CPU
		{0996D454-D229-4811-AC56-277AD48857D3}.Release|x86.Build.0 = Release|Any CPU
		{38FC0077-9837-40CC-9C84-C5DD7E93CC02}.Debug|Any CPU.ActiveCfg = Debug|x64
		{38FC0077-9837-40CC-9C84-C5DD7E93CC02}.Debug|Any CPU.Build.0 = Debug|x64
		{38FC0077-9837-40CC-9C84-C5DD7E93CC02}.Debug|x64.ActiveCfg = Debug|x64
		{38FC0077-9837-40CC-9C84-C5DD7E93CC02}.Debug|x64.Build.0 = Debug|x64
		{38FC0077-9837-40CC-9C84-C5DD7E93CC02}.Debug|x86.ActiveCfg = Debug|Win32
		{38FC0077-9837-40CC-9C84-C5DD7E93CC02}.Debug|x86.Build.0 = Debug|Win32
		{38FC0077-9837-40CC-9C84-C5DD7E93CC02}.Release|Any CPU.ActiveCfg = Release|x64
		{38FC0077-9837-40CC-9C84-C5DD7E93CC02}.Release|Any CPU.Build.0 = Release|x64
		{38FC0077-9837-40CC-9C84-C5DD7E93CC02}.Release|x64.ActiveCfg = Release|x64
		{38FC0077-9837-40CC-9C84-C5DD7E93CC02}.Release|x64.Build.0 = Release|x64
		{38FC0077-9837-40CC-9C84-C5DD7E93CC02}.Release|x86.ActiveCfg = Release|Win32
		{38FC0077-9837-40CC-9C84-C5DD7E93CC02}.Release|x86.Build.0 = Release|Win32
		{27068241-29D0-4272-A124-E6B2FCFCF84E}.Debug|Any CPU.ActiveCfg = Debug|Any CPU
		{27068241-29D0-4272-A124-E6B2FCFCF84E}.Debug|Any CPU.Build.0 = Debug|Any CPU
		{27068241-29D0-4272-A124-E6B2FCFCF84E}.Debug|x64.ActiveCfg = Debug|Any CPU
		{27068241-29D0-4272-A124-E6B2FCFCF84E}.Debug|x64.Build.0 = Debug|Any CPU
		{27068241-29D0-4272-A124-E6B2FCFCF84E}.Debug|x86.ActiveCfg = Debug|Any CPU
		{27068241-29D0-4272-A124-E6B2FCFCF84E}.Debug|x86.Build.0 = Debug|Any CPU
		{27068241-29D0-4272-A124-E6B2FCFCF84E}.Release|Any CPU.ActiveCfg = Release|Any CPU
		{27068241-29D0-4272-A124-E6B2FCFCF84E}.Release|Any CPU.Build.0 = Release|Any CPU
		{27068241-29D0-4272-A124-E6B2FCFCF84E}.Release|x64.ActiveCfg = Release|Any CPU
		{27068241-29D0-4272-A124-E6B2FCFCF84E}.Release|x64.Build.0 = Release|Any CPU
		{27068241-29D0-4272-A124-E6B2FCFCF84E}.Release|x86.ActiveCfg = Release|Any CPU
		{27068241-29D0-4272-A124-E6B2FCFCF84E}.Release|x86.Build.0 = Release|Any CPU
	EndGlobalSection
	GlobalSection(SolutionProperties) = preSolution
		HideSolutionNode = FALSE
	EndGlobalSection
	GlobalSection(NestedProjects) = preSolution
		{0939D7E2-1EFD-4DF9-BACD-936C94E84095} = {3080379F-E171-4B5C-938A-FE8AB4753BEC}
		{5B115731-089F-4574-9828-87C45C12C47E} = {3080379F-E171-4B5C-938A-FE8AB4753BEC}
		{2401BFD8-B357-43ED-8320-FF032C246747} = {3080379F-E171-4B5C-938A-FE8AB4753BEC}
		{FEE5982B-AD8F-4141-8696-28801684BFBE} = {3080379F-E171-4B5C-938A-FE8AB4753BEC}
		{C0D8085A-7891-4146-A858-7BAB1402E5A4} = {3080379F-E171-4B5C-938A-FE8AB4753BEC}
		{CB1DF6BD-732B-4260-B4D0-CF54C64B9627} = {3080379F-E171-4B5C-938A-FE8AB4753BEC}
		{6A29E0A3-3C7F-4B30-89D5-C3992D71C5DA} = {3080379F-E171-4B5C-938A-FE8AB4753BEC}
		{576DED6D-0E5B-4534-A1E6-CDA1D2A7C081} = {3080379F-E171-4B5C-938A-FE8AB4753BEC}
		{C63BB328-F167-4522-ACB8-B433C30DCB7C} = {3080379F-E171-4B5C-938A-FE8AB4753BEC}
		{B1C2A81A-EBD3-48AF-AAE2-19C1548EC2F6} = {3080379F-E171-4B5C-938A-FE8AB4753BEC}
		{7A9A5F73-8FD7-4CD2-885F-68605419A865} = {7F4E5A5A-8FB5-4005-A371-ED9C650C2122}
		{6083638D-9660-4938-99A6-AC33CA666EB9} = {7F4E5A5A-8FB5-4005-A371-ED9C650C2122}
		{1E36CA95-0762-4B4B-985D-4251445E737B} = {7F4E5A5A-8FB5-4005-A371-ED9C650C2122}
		{9F978B56-E881-4991-91B0-4CE291C0E4D7} = {7F4E5A5A-8FB5-4005-A371-ED9C650C2122}
		{08D477EF-140E-45D9-89BD-4C7314308D33} = {7F4E5A5A-8FB5-4005-A371-ED9C650C2122}
		{65226BC4-C0CB-4D2C-952D-5B9A6128BDE8} = {7F4E5A5A-8FB5-4005-A371-ED9C650C2122}
		{C67EDA70-47FE-415E-AB6A-3DC89B62D009} = {07603E37-6735-438E-A085-7694D690495D}
		{E8BB2D92-6964-49D9-8923-B12D1179843E} = {07603E37-6735-438E-A085-7694D690495D}
		{82FF24F9-09A1-46C1-9E2E-4F2A60C04F2B} = {07603E37-6735-438E-A085-7694D690495D}
		{A27D4AC5-14DD-4E63-82FD-17EA9963B36D} = {07603E37-6735-438E-A085-7694D690495D}
		{60EF2A10-1131-4E62-B29F-FA422FF1F90E} = {07603E37-6735-438E-A085-7694D690495D}
		{8D569A52-6F2F-465C-93C4-C75FBB5E040C} = {07603E37-6735-438E-A085-7694D690495D}
		{336558CF-29CE-481C-B872-3F3B4D12684F} = {06F49AFE-C2FE-4278-B306-FA4BCF9EDF5F}
		{0D37C07C-2F9C-4A73-B232-453151A26DA5} = {3080379F-E171-4B5C-938A-FE8AB4753BEC}
		{EB399F48-0831-4EA7-8B73-DC6C15A52A58} = {84D1BBB6-1E82-4A30-B0D6-2ED5621B9DE4}
		{61F41440-1B0A-4095-B5A8-A7A95CC14EA6} = {84D1BBB6-1E82-4A30-B0D6-2ED5621B9DE4}
		{073C2F57-4443-4A1A-9750-CA37AD8B1058} = {84D1BBB6-1E82-4A30-B0D6-2ED5621B9DE4}
		{1F08B4D7-9BB8-49B3-A96E-77D1705B7214} = {84D1BBB6-1E82-4A30-B0D6-2ED5621B9DE4}
		{02E3CEEE-8C72-45BF-BF5A-C7AB65215DC9} = {84D1BBB6-1E82-4A30-B0D6-2ED5621B9DE4}
		{61E35CB2-8BD9-412E-B0B3-730717A579DF} = {3080379F-E171-4B5C-938A-FE8AB4753BEC}
		{88038162-585E-4781-A777-498F8EEB8142} = {06F49AFE-C2FE-4278-B306-FA4BCF9EDF5F}
		{269D14BE-ED80-4E59-BF58-B4B95F6620E9} = {3080379F-E171-4B5C-938A-FE8AB4753BEC}
		{0996D454-D229-4811-AC56-277AD48857D3} = {3080379F-E171-4B5C-938A-FE8AB4753BEC}
		{38FC0077-9837-40CC-9C84-C5DD7E93CC02} = {0837DB6F-39B0-4A72-9FCE-A78799193456}
		{27068241-29D0-4272-A124-E6B2FCFCF84E} = {0837DB6F-39B0-4A72-9FCE-A78799193456}
	EndGlobalSection
	GlobalSection(ExtensibilityGlobals) = postSolution
		SolutionGuid = {0501B15E-A0EA-479B-9F71-DE1EBDF29585}
	EndGlobalSection
EndGlobal
