
Microsoft Visual Studio Solution File, Format Version 12.00
# Visual Studio Version 17
VisualStudioVersion = 17.11.35312.102
MinimumVisualStudioVersion = 10.0.40219.1
Project("{9A19103F-16F7-4668-BE54-9A1E7A4F7556}") = "OutWit.Common.NuGet", "Common\OutWit.Common\OutWit.Common.NuGet.csproj", "{EF592BA2-D04D-47F0-8E6F-AF1F1494018D}"
EndProject
Project("{9A19103F-16F7-4668-BE54-9A1E7A4F7556}") = "OutWit.Common.Aspects.NuGet", "Common\OutWit.Common.Aspects\OutWit.Common.Aspects.NuGet.csproj", "{1AC35391-4483-4AA1-9071-06CA6B04B099}"
EndProject
Project("{9A19103F-16F7-4668-BE54-9A1E7A4F7556}") = "OutWit.Common.Logging.NuGet", "Common\OutWit.Common.Logging\OutWit.Common.Logging.NuGet.csproj", "{A9F6CA1D-6ED8-42C8-AE49-B6A0BB2337C7}"
EndProject
Project("{9A19103F-16F7-4668-BE54-9A1E7A4F7556}") = "OutWit.Common.MessagePack.NuGet", "Common\OutWit.Common.MessagePack\OutWit.Common.MessagePack.NuGet.csproj", "{6F64B29F-54DE-49B6-BB0E-71AFC05D5EF8}"
EndProject
Project("{9A19103F-16F7-4668-BE54-9A1E7A4F7556}") = "OutWit.Common.Services.NuGet", "Common\OutWit.Common.Services\OutWit.Common.Services.NuGet.csproj", "{A0F51B17-06B0-4823-AFB6-4414E63343DA}"
EndProject
Project("{9A19103F-16F7-4668-BE54-9A1E7A4F7556}") = "OutWit.Common.MVVM.NuGet", "Common\OutWit.Common.MVVM\OutWit.Common.MVVM.NuGet.csproj", "{849B87C5-BDE1-422C-8DB9-CBD283AA783B}"
EndProject
Project("{9A19103F-16F7-4668-BE54-9A1E7A4F7556}") = "OutWit.Common.MEF.NuGet", "Common\OutWit.Common.MEF\OutWit.Common.MEF.NuGet.csproj", "{1DDAA555-6F88-4389-8AEA-587CE1D1A047}"
EndProject
Project("{9A19103F-16F7-4668-BE54-9A1E7A4F7556}") = "OutWit.Common.Prism.NuGet", "Common\OutWit.Common.Prism\OutWit.Common.Prism.NuGet.csproj", "{C2057AE6-1432-4B1A-A814-044D6FA03B5A}"
EndProject
Project("{9A19103F-16F7-4668-BE54-9A1E7A4F7556}") = "OutWit.Common.Settings.NuGet", "Common\OutWit.Common.Settings\OutWit.Common.Settings.NuGet.csproj", "{456A460F-5E8C-41A4-9D81-D54CB5FD290A}"
EndProject
Global
	GlobalSection(SolutionConfigurationPlatforms) = preSolution
		Debug|Any CPU = Debug|Any CPU
		Release|Any CPU = Release|Any CPU
	EndGlobalSection
	GlobalSection(ProjectConfigurationPlatforms) = postSolution
		{EF592BA2-D04D-47F0-8E6F-AF1F1494018D}.Debug|Any CPU.ActiveCfg = Debug|Any CPU
		{EF592BA2-D04D-47F0-8E6F-AF1F1494018D}.Debug|Any CPU.Build.0 = Debug|Any CPU
		{EF592BA2-D04D-47F0-8E6F-AF1F1494018D}.Release|Any CPU.ActiveCfg = Release|Any CPU
		{EF592BA2-D04D-47F0-8E6F-AF1F1494018D}.Release|Any CPU.Build.0 = Release|Any CPU
		{1AC35391-4483-4AA1-9071-06CA6B04B099}.Debug|Any CPU.ActiveCfg = Debug|Any CPU
		{1AC35391-4483-4AA1-9071-06CA6B04B099}.Debug|Any CPU.Build.0 = Debug|Any CPU
		{1AC35391-4483-4AA1-9071-06CA6B04B099}.Release|Any CPU.ActiveCfg = Release|Any CPU
		{1AC35391-4483-4AA1-9071-06CA6B04B099}.Release|Any CPU.Build.0 = Release|Any CPU
		{A9F6CA1D-6ED8-42C8-AE49-B6A0BB2337C7}.Debug|Any CPU.ActiveCfg = Debug|Any CPU
		{A9F6CA1D-6ED8-42C8-AE49-B6A0BB2337C7}.Debug|Any CPU.Build.0 = Debug|Any CPU
		{A9F6CA1D-6ED8-42C8-AE49-B6A0BB2337C7}.Release|Any CPU.ActiveCfg = Release|Any CPU
		{A9F6CA1D-6ED8-42C8-AE49-B6A0BB2337C7}.Release|Any CPU.Build.0 = Release|Any CPU
		{6F64B29F-54DE-49B6-BB0E-71AFC05D5EF8}.Debug|Any CPU.ActiveCfg = Debug|Any CPU
		{6F64B29F-54DE-49B6-BB0E-71AFC05D5EF8}.Debug|Any CPU.Build.0 = Debug|Any CPU
		{6F64B29F-54DE-49B6-BB0E-71AFC05D5EF8}.Release|Any CPU.ActiveCfg = Release|Any CPU
		{6F64B29F-54DE-49B6-BB0E-71AFC05D5EF8}.Release|Any CPU.Build.0 = Release|Any CPU
		{A0F51B17-06B0-4823-AFB6-4414E63343DA}.Debug|Any CPU.ActiveCfg = Debug|Any CPU
		{A0F51B17-06B0-4823-AFB6-4414E63343DA}.Debug|Any CPU.Build.0 = Debug|Any CPU
		{A0F51B17-06B0-4823-AFB6-4414E63343DA}.Release|Any CPU.ActiveCfg = Release|Any CPU
		{A0F51B17-06B0-4823-AFB6-4414E63343DA}.Release|Any CPU.Build.0 = Release|Any CPU
		{849B87C5-BDE1-422C-8DB9-CBD283AA783B}.Debug|Any CPU.ActiveCfg = Debug|Any CPU
		{849B87C5-BDE1-422C-8DB9-CBD283AA783B}.Debug|Any CPU.Build.0 = Debug|Any CPU
		{849B87C5-BDE1-422C-8DB9-CBD283AA783B}.Release|Any CPU.ActiveCfg = Release|Any CPU
		{849B87C5-BDE1-422C-8DB9-CBD283AA783B}.Release|Any CPU.Build.0 = Release|Any CPU
		{1DDAA555-6F88-4389-8AEA-587CE1D1A047}.Debug|Any CPU.ActiveCfg = Debug|Any CPU
		{1DDAA555-6F88-4389-8AEA-587CE1D1A047}.Debug|Any CPU.Build.0 = Debug|Any CPU
		{1DDAA555-6F88-4389-8AEA-587CE1D1A047}.Release|Any CPU.ActiveCfg = Release|Any CPU
		{1DDAA555-6F88-4389-8AEA-587CE1D1A047}.Release|Any CPU.Build.0 = Release|Any CPU
		{C2057AE6-1432-4B1A-A814-044D6FA03B5A}.Debug|Any CPU.ActiveCfg = Debug|Any CPU
		{C2057AE6-1432-4B1A-A814-044D6FA03B5A}.Debug|Any CPU.Build.0 = Debug|Any CPU
		{C2057AE6-1432-4B1A-A814-044D6FA03B5A}.Release|Any CPU.ActiveCfg = Release|Any CPU
		{C2057AE6-1432-4B1A-A814-044D6FA03B5A}.Release|Any CPU.Build.0 = Release|Any CPU
		{456A460F-5E8C-41A4-9D81-D54CB5FD290A}.Debug|Any CPU.ActiveCfg = Debug|Any CPU
		{456A460F-5E8C-41A4-9D81-D54CB5FD290A}.Debug|Any CPU.Build.0 = Debug|Any CPU
		{456A460F-5E8C-41A4-9D81-D54CB5FD290A}.Release|Any CPU.ActiveCfg = Release|Any CPU
		{456A460F-5E8C-41A4-9D81-D54CB5FD290A}.Release|Any CPU.Build.0 = Release|Any CPU
	EndGlobalSection
	GlobalSection(SolutionProperties) = preSolution
		HideSolutionNode = FALSE
	EndGlobalSection
	GlobalSection(ExtensibilityGlobals) = postSolution
		SolutionGuid = {296EFDEA-6D0A-44A5-B43E-EF352C3B2D40}
	EndGlobalSection
EndGlobal
